
Microsoft Visual Studio Solution File, Format Version 12.00
# Visual Studio 15
Project("{FAE04EC0-301F-11D3-BF4B-00C04F79EFBC}") = "VRC.ClientSim", "VRC.ClientSim.csproj", "{E8D1A942-7C50-F7FF-2753-91D104E5F28A}"
EndProject
Project("{FAE04EC0-301F-11D3-BF4B-00C04F79EFBC}") = "vrchat.jordo.easyquestswitch", "vrchat.jordo.easyquestswitch.csproj", "{D891A2A0-32C5-B52E-B428-13BAA25F88B9}"
EndProject
Project("{FAE04EC0-301F-11D3-BF4B-00C04F79EFBC}") = "VRC.Udon.Serialization.OdinSerializer", "VRC.Udon.Serialization.OdinSerializer.csproj", "{49F2017D-F752-7C35-6B03-43D6B478003F}"
EndProject
Project("{FAE04EC0-301F-11D3-BF4B-00C04F79EFBC}") = "ThryAssemblyDefinition", "ThryAssemblyDefinition.csproj", "{E0B50CDF-480B-ADC7-40A6-FA2C0C55A045}"
EndProject
Project("{FAE04EC0-301F-11D3-BF4B-00C04F79EFBC}") = "UdonSharp.Editor", "UdonSharp.Editor.csproj", "{1F78ED0A-71A1-43D2-FC44-33D84E25537D}"
EndProject
Project("{FAE04EC0-301F-11D3-BF4B-00C04F79EFBC}") = "VRC.Udon.Editor", "VRC.Udon.Editor.csproj", "{6C669D47-2C1F-D83A-EBD3-607AB760761B}"
EndProject
Project("{FAE04EC0-301F-11D3-BF4B-00C04F79EFBC}") = "VRC.SDKBase.Editor", "VRC.SDKBase.Editor.csproj", "{BA9387BD-A237-EA79-CADB-E55A18C4F090}"
EndProject
Project("{FAE04EC0-301F-11D3-BF4B-00C04F79EFBC}") = "VRC.Udon", "VRC.Udon.csproj", "{CB547C35-0F19-CE06-0FBB-940B057A33FB}"
EndProject
Project("{FAE04EC0-301F-11D3-BF4B-00C04F79EFBC}") = "UniTask", "UniTask.csproj", "{C3D5EE1D-690F-08B2-22B2-4E0DF177E431}"
EndProject
Project("{FAE04EC0-301F-11D3-BF4B-00C04F79EFBC}") = "UniTask.Linq", "UniTask.Linq.csproj", "{AC4CD3B6-5C7C-007E-030F-AAE4ED4B39E9}"
EndProject
Project("{FAE04EC0-301F-11D3-BF4B-00C04F79EFBC}") = "VRC.SDKBase", "VRC.SDKBase.csproj", "{DADF9EDA-B8BE-6A02-E369-252A1FE749EB}"
EndProject
Project("{FAE04EC0-301F-11D3-BF4B-00C04F79EFBC}") = "Poi.Tools", "Poi.Tools.csproj", "{4F3CF73C-2434-3FC5-142F-99B2F7D73C1B}"
EndProject
Project("{FAE04EC0-301F-11D3-BF4B-00C04F79EFBC}") = "VRC.ClientSim.Editor", "VRC.ClientSim.Editor.csproj", "{D8F9165D-3B48-1BA2-7652-6E56FE6D2B15}"
EndProject
Project("{FAE04EC0-301F-11D3-BF4B-00C04F79EFBC}") = "VRC.SDK3", "VRC.SDK3.csproj", "{43D3655F-6A9E-7CF6-139F-12B85B859709}"
EndProject
Project("{FAE04EC0-301F-11D3-BF4B-00C04F79EFBC}") = "VRC.SDK3.Editor", "VRC.SDK3.Editor.csproj", "{C73F9DD7-8FB1-0B7C-6DED-CD7163EEF958}"
EndProject
Project("{FAE04EC0-301F-11D3-BF4B-00C04F79EFBC}") = "UniTask.DOTween", "UniTask.DOTween.csproj", "{7FFBB2B6-759D-685D-A9E3-EA69AE6814B0}"
EndProject
Project("{FAE04EC0-301F-11D3-BF4B-00C04F79EFBC}") = "Assembly-CSharp-Editor", "Assembly-CSharp-Editor.csproj", "{D1DD5A80-B6C2-FFB6-6783-F0B8D154AA93}"
EndProject
Project("{FAE04EC0-301F-11D3-BF4B-00C04F79EFBC}") = "UnityEditorTests", "UnityEditorTests.csproj", "{A2CAF076-82CF-E4E7-77A6-BA67368A14AC}"
EndProject
Project("{FAE04EC0-301F-11D3-BF4B-00C04F79EFBC}") = "VRC.ExampleCentral.Editor", "VRC.ExampleCentral.Editor.csproj", "{67057073-20A9-4BDA-2923-24685A36449B}"
EndProject
Project("{FAE04EC0-301F-11D3-BF4B-00C04F79EFBC}") = "Assembly-CSharp", "Assembly-CSharp.csproj", "{EA166570-D4AA-88F1-F043-1E4DABBE5FFF}"
EndProject
Project("{FAE04EC0-301F-11D3-BF4B-00C04F79EFBC}") = "com.vrchat.core.vpm-resolver.Editor", "com.vrchat.core.vpm-resolver.Editor.csproj", "{DF8132FF-6135-8234-48DC-C7FFA6B1375F}"
EndProject
Project("{FAE04EC0-301F-11D3-BF4B-00C04F79EFBC}") = "VRC.SDKBase.Editor.ShaderStripping", "VRC.SDKBase.Editor.ShaderStripping.csproj", "{DCD13559-1A78-6EE4-B1B5-C2934B57DCD3}"
EndProject
Project("{FAE04EC0-301F-11D3-BF4B-00C04F79EFBC}") = "UdonSharp.Runtime", "UdonSharp.Runtime.csproj", "{DE31F62F-385B-A1D5-E772-070FC017A85A}"
EndProject
Project("{FAE04EC0-301F-11D3-BF4B-00C04F79EFBC}") = "ThryExternal", "ThryExternal.csproj", "{A73AFA46-8748-043F-04BE-0176A888F51E}"
EndProject
Project("{FAE04EC0-301F-11D3-BF4B-00C04F79EFBC}") = "UniTask.Editor", "UniTask.Editor.csproj", "{6E0F07E2-AFDA-F6A3-FC39-7FE9E38E8E0A}"
EndProject
Project("{FAE04EC0-301F-11D3-BF4B-00C04F79EFBC}") = "UdonSharp.Lib", "UdonSharp.Lib.csproj", "{DFA00CD8-7BFC-EA34-FFBE-5ED734F477A2}"
EndProject
Project("{FAE04EC0-301F-11D3-BF4B-00C04F79EFBC}") = "VRC.SDKBase.Editor.BuildPipeline", "VRC.SDKBase.Editor.BuildPipeline.csproj", "{8909C3E2-E872-C943-B21C-4F366D59752A}"
EndProject
Project("{FAE04EC0-301F-11D3-BF4B-00C04F79EFBC}") = "vrchat.jordo.easyquestswitch.Editor", "vrchat.jordo.easyquestswitch.Editor.csproj", "{261202DD-A2D9-2DD6-F5E1-13596D8E12A2}"
EndProject
Project("{FAE04EC0-301F-11D3-BF4B-00C04F79EFBC}") = "UniTask.Addressables", "UniTask.Addressables.csproj", "{35E86A29-DF7E-B634-357A-C2F529C482B5}"
EndProject
Project("{FAE04EC0-301F-11D3-BF4B-00C04F79EFBC}") = "UniTask.TextMeshPro", "UniTask.TextMeshPro.csproj", "{8A22D950-CE41-A992-4323-3F8A2F03976A}"
EndProject
Global
	GlobalSection(SolutionConfigurationPlatforms) = preSolution
		Debug|Any CPU = Debug|Any CPU
		Release|Any CPU = Release|Any CPU
	EndGlobalSection
	GlobalSection(ProjectConfigurationPlatforms) = postSolution
		{E8D1A942-7C50-F7FF-2753-91D104E5F28A}.Debug|Any CPU.ActiveCfg = Debug|Any CPU
		{E8D1A942-7C50-F7FF-2753-91D104E5F28A}.Debug|Any CPU.Build.0 = Debug|Any CPU
		{E8D1A942-7C50-F7FF-2753-91D104E5F28A}.Release|Any CPU.ActiveCfg = Release|Any CPU
		{E8D1A942-7C50-F7FF-2753-91D104E5F28A}.Release|Any CPU.Build.0 = Release|Any CPU
		{D891A2A0-32C5-B52E-B428-13BAA25F88B9}.Debug|Any CPU.ActiveCfg = Debug|Any CPU
		{D891A2A0-32C5-B52E-B428-13BAA25F88B9}.Debug|Any CPU.Build.0 = Debug|Any CPU
		{D891A2A0-32C5-B52E-B428-13BAA25F88B9}.Release|Any CPU.ActiveCfg = Release|Any CPU
		{D891A2A0-32C5-B52E-B428-13BAA25F88B9}.Release|Any CPU.Build.0 = Release|Any CPU
		{49F2017D-F752-7C35-6B03-43D6B478003F}.Debug|Any CPU.ActiveCfg = Debug|Any CPU
		{49F2017D-F752-7C35-6B03-43D6B478003F}.Debug|Any CPU.Build.0 = Debug|Any CPU
		{49F2017D-F752-7C35-6B03-43D6B478003F}.Release|Any CPU.ActiveCfg = Release|Any CPU
		{49F2017D-F752-7C35-6B03-43D6B478003F}.Release|Any CPU.Build.0 = Release|Any CPU
		{E0B50CDF-480B-ADC7-40A6-FA2C0C55A045}.Debug|Any CPU.ActiveCfg = Debug|Any CPU
		{E0B50CDF-480B-ADC7-40A6-FA2C0C55A045}.Debug|Any CPU.Build.0 = Debug|Any CPU
		{E0B50CDF-480B-ADC7-40A6-FA2C0C55A045}.Release|Any CPU.ActiveCfg = Release|Any CPU
		{E0B50CDF-480B-ADC7-40A6-FA2C0C55A045}.Release|Any CPU.Build.0 = Release|Any CPU
		{1F78ED0A-71A1-43D2-FC44-33D84E25537D}.Debug|Any CPU.ActiveCfg = Debug|Any CPU
		{1F78ED0A-71A1-43D2-FC44-33D84E25537D}.Debug|Any CPU.Build.0 = Debug|Any CPU
		{1F78ED0A-71A1-43D2-FC44-33D84E25537D}.Release|Any CPU.ActiveCfg = Release|Any CPU
		{1F78ED0A-71A1-43D2-FC44-33D84E25537D}.Release|Any CPU.Build.0 = Release|Any CPU
		{6C669D47-2C1F-D83A-EBD3-607AB760761B}.Debug|Any CPU.ActiveCfg = Debug|Any CPU
		{6C669D47-2C1F-D83A-EBD3-607AB760761B}.Debug|Any CPU.Build.0 = Debug|Any CPU
		{6C669D47-2C1F-D83A-EBD3-607AB760761B}.Release|Any CPU.ActiveCfg = Release|Any CPU
		{6C669D47-2C1F-D83A-EBD3-607AB760761B}.Release|Any CPU.Build.0 = Release|Any CPU
		{BA9387BD-A237-EA79-CADB-E55A18C4F090}.Debug|Any CPU.ActiveCfg = Debug|Any CPU
		{BA9387BD-A237-EA79-CADB-E55A18C4F090}.Debug|Any CPU.Build.0 = Debug|Any CPU
		{BA9387BD-A237-EA79-CADB-E55A18C4F090}.Release|Any CPU.ActiveCfg = Release|Any CPU
		{BA9387BD-A237-EA79-CADB-E55A18C4F090}.Release|Any CPU.Build.0 = Release|Any CPU
		{CB547C35-0F19-CE06-0FBB-940B057A33FB}.Debug|Any CPU.ActiveCfg = Debug|Any CPU
		{CB547C35-0F19-CE06-0FBB-940B057A33FB}.Debug|Any CPU.Build.0 = Debug|Any CPU
		{CB547C35-0F19-CE06-0FBB-940B057A33FB}.Release|Any CPU.ActiveCfg = Release|Any CPU
		{CB547C35-0F19-CE06-0FBB-940B057A33FB}.Release|Any CPU.Build.0 = Release|Any CPU
		{C3D5EE1D-690F-08B2-22B2-4E0DF177E431}.Debug|Any CPU.ActiveCfg = Debug|Any CPU
		{C3D5EE1D-690F-08B2-22B2-4E0DF177E431}.Debug|Any CPU.Build.0 = Debug|Any CPU
		{C3D5EE1D-690F-08B2-22B2-4E0DF177E431}.Release|Any CPU.ActiveCfg = Release|Any CPU
		{C3D5EE1D-690F-08B2-22B2-4E0DF177E431}.Release|Any CPU.Build.0 = Release|Any CPU
		{AC4CD3B6-5C7C-007E-030F-AAE4ED4B39E9}.Debug|Any CPU.ActiveCfg = Debug|Any CPU
		{AC4CD3B6-5C7C-007E-030F-AAE4ED4B39E9}.Debug|Any CPU.Build.0 = Debug|Any CPU
		{AC4CD3B6-5C7C-007E-030F-AAE4ED4B39E9}.Release|Any CPU.ActiveCfg = Release|Any CPU
		{AC4CD3B6-5C7C-007E-030F-AAE4ED4B39E9}.Release|Any CPU.Build.0 = Release|Any CPU
		{DADF9EDA-B8BE-6A02-E369-252A1FE749EB}.Debug|Any CPU.ActiveCfg = Debug|Any CPU
		{DADF9EDA-B8BE-6A02-E369-252A1FE749EB}.Debug|Any CPU.Build.0 = Debug|Any CPU
		{DADF9EDA-B8BE-6A02-E369-252A1FE749EB}.Release|Any CPU.ActiveCfg = Release|Any CPU
		{DADF9EDA-B8BE-6A02-E369-252A1FE749EB}.Release|Any CPU.Build.0 = Release|Any CPU
		{4F3CF73C-2434-3FC5-142F-99B2F7D73C1B}.Debug|Any CPU.ActiveCfg = Debug|Any CPU
		{4F3CF73C-2434-3FC5-142F-99B2F7D73C1B}.Debug|Any CPU.Build.0 = Debug|Any CPU
		{4F3CF73C-2434-3FC5-142F-99B2F7D73C1B}.Release|Any CPU.ActiveCfg = Release|Any CPU
		{4F3CF73C-2434-3FC5-142F-99B2F7D73C1B}.Release|Any CPU.Build.0 = Release|Any CPU
		{D8F9165D-3B48-1BA2-7652-6E56FE6D2B15}.Debug|Any CPU.ActiveCfg = Debug|Any CPU
		{D8F9165D-3B48-1BA2-7652-6E56FE6D2B15}.Debug|Any CPU.Build.0 = Debug|Any CPU
		{D8F9165D-3B48-1BA2-7652-6E56FE6D2B15}.Release|Any CPU.ActiveCfg = Release|Any CPU
		{D8F9165D-3B48-1BA2-7652-6E56FE6D2B15}.Release|Any CPU.Build.0 = Release|Any CPU
		{43D3655F-6A9E-7CF6-139F-12B85B859709}.Debug|Any CPU.ActiveCfg = Debug|Any CPU
		{43D3655F-6A9E-7CF6-139F-12B85B859709}.Debug|Any CPU.Build.0 = Debug|Any CPU
		{43D3655F-6A9E-7CF6-139F-12B85B859709}.Release|Any CPU.ActiveCfg = Release|Any CPU
		{43D3655F-6A9E-7CF6-139F-12B85B859709}.Release|Any CPU.Build.0 = Release|Any CPU
		{C73F9DD7-8FB1-0B7C-6DED-CD7163EEF958}.Debug|Any CPU.ActiveCfg = Debug|Any CPU
		{C73F9DD7-8FB1-0B7C-6DED-CD7163EEF958}.Debug|Any CPU.Build.0 = Debug|Any CPU
		{C73F9DD7-8FB1-0B7C-6DED-CD7163EEF958}.Release|Any CPU.ActiveCfg = Release|Any CPU
		{C73F9DD7-8FB1-0B7C-6DED-CD7163EEF958}.Release|Any CPU.Build.0 = Release|Any CPU
		{7FFBB2B6-759D-685D-A9E3-EA69AE6814B0}.Debug|Any CPU.ActiveCfg = Debug|Any CPU
		{7FFBB2B6-759D-685D-A9E3-EA69AE6814B0}.Debug|Any CPU.Build.0 = Debug|Any CPU
		{7FFBB2B6-759D-685D-A9E3-EA69AE6814B0}.Release|Any CPU.ActiveCfg = Release|Any CPU
		{7FFBB2B6-759D-685D-A9E3-EA69AE6814B0}.Release|Any CPU.Build.0 = Release|Any CPU
		{D1DD5A80-B6C2-FFB6-6783-F0B8D154AA93}.Debug|Any CPU.ActiveCfg = Debug|Any CPU
		{D1DD5A80-B6C2-FFB6-6783-F0B8D154AA93}.Debug|Any CPU.Build.0 = Debug|Any CPU
		{D1DD5A80-B6C2-FFB6-6783-F0B8D154AA93}.Release|Any CPU.ActiveCfg = Release|Any CPU
		{D1DD5A80-B6C2-FFB6-6783-F0B8D154AA93}.Release|Any CPU.Build.0 = Release|Any CPU
		{A2CAF076-82CF-E4E7-77A6-BA67368A14AC}.Debug|Any CPU.ActiveCfg = Debug|Any CPU
		{A2CAF076-82CF-E4E7-77A6-BA67368A14AC}.Debug|Any CPU.Build.0 = Debug|Any CPU
		{A2CAF076-82CF-E4E7-77A6-BA67368A14AC}.Release|Any CPU.ActiveCfg = Release|Any CPU
		{A2CAF076-82CF-E4E7-77A6-BA67368A14AC}.Release|Any CPU.Build.0 = Release|Any CPU
		{67057073-20A9-4BDA-2923-24685A36449B}.Debug|Any CPU.ActiveCfg = Debug|Any CPU
		{67057073-20A9-4BDA-2923-24685A36449B}.Debug|Any CPU.Build.0 = Debug|Any CPU
		{67057073-20A9-4BDA-2923-24685A36449B}.Release|Any CPU.ActiveCfg = Release|Any CPU
		{67057073-20A9-4BDA-2923-24685A36449B}.Release|Any CPU.Build.0 = Release|Any CPU
		{EA166570-D4AA-88F1-F043-1E4DABBE5FFF}.Debug|Any CPU.ActiveCfg = Debug|Any CPU
		{EA166570-D4AA-88F1-F043-1E4DABBE5FFF}.Debug|Any CPU.Build.0 = Debug|Any CPU
		{EA166570-D4AA-88F1-F043-1E4DABBE5FFF}.Release|Any CPU.ActiveCfg = Release|Any CPU
		{EA166570-D4AA-88F1-F043-1E4DABBE5FFF}.Release|Any CPU.Build.0 = Release|Any CPU
		{DF8132FF-6135-8234-48DC-C7FFA6B1375F}.Debug|Any CPU.ActiveCfg = Debug|Any CPU
		{DF8132FF-6135-8234-48DC-C7FFA6B1375F}.Debug|Any CPU.Build.0 = Debug|Any CPU
		{DF8132FF-6135-8234-48DC-C7FFA6B1375F}.Release|Any CPU.ActiveCfg = Release|Any CPU
		{DF8132FF-6135-8234-48DC-C7FFA6B1375F}.Release|Any CPU.Build.0 = Release|Any CPU
		{DCD13559-1A78-6EE4-B1B5-C2934B57DCD3}.Debug|Any CPU.ActiveCfg = Debug|Any CPU
		{DCD13559-1A78-6EE4-B1B5-C2934B57DCD3}.Debug|Any CPU.Build.0 = Debug|Any CPU
		{DCD13559-1A78-6EE4-B1B5-C2934B57DCD3}.Release|Any CPU.ActiveCfg = Release|Any CPU
		{DCD13559-1A78-6EE4-B1B5-C2934B57DCD3}.Release|Any CPU.Build.0 = Release|Any CPU
		{DE31F62F-385B-A1D5-E772-070FC017A85A}.Debug|Any CPU.ActiveCfg = Debug|Any CPU
		{DE31F62F-385B-A1D5-E772-070FC017A85A}.Debug|Any CPU.Build.0 = Debug|Any CPU
		{DE31F62F-385B-A1D5-E772-070FC017A85A}.Release|Any CPU.ActiveCfg = Release|Any CPU
		{DE31F62F-385B-A1D5-E772-070FC017A85A}.Release|Any CPU.Build.0 = Release|Any CPU
		{A73AFA46-8748-043F-04BE-0176A888F51E}.Debug|Any CPU.ActiveCfg = Debug|Any CPU
		{A73AFA46-8748-043F-04BE-0176A888F51E}.Debug|Any CPU.Build.0 = Debug|Any CPU
		{A73AFA46-8748-043F-04BE-0176A888F51E}.Release|Any CPU.ActiveCfg = Release|Any CPU
		{A73AFA46-8748-043F-04BE-0176A888F51E}.Release|Any CPU.Build.0 = Release|Any CPU
		{6E0F07E2-AFDA-F6A3-FC39-7FE9E38E8E0A}.Debug|Any CPU.ActiveCfg = Debug|Any CPU
		{6E0F07E2-AFDA-F6A3-FC39-7FE9E38E8E0A}.Debug|Any CPU.Build.0 = Debug|Any CPU
		{6E0F07E2-AFDA-F6A3-FC39-7FE9E38E8E0A}.Release|Any CPU.ActiveCfg = Release|Any CPU
		{6E0F07E2-AFDA-F6A3-FC39-7FE9E38E8E0A}.Release|Any CPU.Build.0 = Release|Any CPU
		{DFA00CD8-7BFC-EA34-FFBE-5ED734F477A2}.Debug|Any CPU.ActiveCfg = Debug|Any CPU
		{DFA00CD8-7BFC-EA34-FFBE-5ED734F477A2}.Debug|Any CPU.Build.0 = Debug|Any CPU
		{DFA00CD8-7BFC-EA34-FFBE-5ED734F477A2}.Release|Any CPU.ActiveCfg = Release|Any CPU
		{DFA00CD8-7BFC-EA34-FFBE-5ED734F477A2}.Release|Any CPU.Build.0 = Release|Any CPU
		{8909C3E2-E872-C943-B21C-4F366D59752A}.Debug|Any CPU.ActiveCfg = Debug|Any CPU
		{8909C3E2-E872-C943-B21C-4F366D59752A}.Debug|Any CPU.Build.0 = Debug|Any CPU
		{8909C3E2-E872-C943-B21C-4F366D59752A}.Release|Any CPU.ActiveCfg = Release|Any CPU
		{8909C3E2-E872-C943-B21C-4F366D59752A}.Release|Any CPU.Build.0 = Release|Any CPU
		{261202DD-A2D9-2DD6-F5E1-13596D8E12A2}.Debug|Any CPU.ActiveCfg = Debug|Any CPU
		{261202DD-A2D9-2DD6-F5E1-13596D8E12A2}.Debug|Any CPU.Build.0 = Debug|Any CPU
		{261202DD-A2D9-2DD6-F5E1-13596D8E12A2}.Release|Any CPU.ActiveCfg = Release|Any CPU
		{261202DD-A2D9-2DD6-F5E1-13596D8E12A2}.Release|Any CPU.Build.0 = Release|Any CPU
		{35E86A29-DF7E-B634-357A-C2F529C482B5}.Debug|Any CPU.ActiveCfg = Debug|Any CPU
		{35E86A29-DF7E-B634-357A-C2F529C482B5}.Debug|Any CPU.Build.0 = Debug|Any CPU
		{35E86A29-DF7E-B634-357A-C2F529C482B5}.Release|Any CPU.ActiveCfg = Release|Any CPU
		{35E86A29-DF7E-B634-357A-C2F529C482B5}.Release|Any CPU.Build.0 = Release|Any CPU
		{8A22D950-CE41-A992-4323-3F8A2F03976A}.Debug|Any CPU.ActiveCfg = Debug|Any CPU
		{8A22D950-CE41-A992-4323-3F8A2F03976A}.Debug|Any CPU.Build.0 = Debug|Any CPU
		{8A22D950-CE41-A992-4323-3F8A2F03976A}.Release|Any CPU.ActiveCfg = Release|Any CPU
		{8A22D950-CE41-A992-4323-3F8A2F03976A}.Release|Any CPU.Build.0 = Release|Any CPU
	EndGlobalSection
	GlobalSection(SolutionProperties) = preSolution
		HideSolutionNode = FALSE
	EndGlobalSection
EndGlobal
