
Microsoft Visual Studio Solution File, Format Version 12.00
# Visual Studio 15
Project("{FAE04EC0-301F-11D3-BF4B-00C04F79EFBC}") = "VRC.ClientSim", "VRC.ClientSim.csproj", "{F43D8C67-68D2-7D9A-C222-5B34370BE6C9}"
EndProject
Project("{FAE04EC0-301F-11D3-BF4B-00C04F79EFBC}") = "vrchat.jordo.easyquestswitch", "vrchat.jordo.easyquestswitch.csproj", "{D9BAE427-4AB0-8E19-3F51-75724628A1DB}"
EndProject
Project("{FAE04EC0-301F-11D3-BF4B-00C04F79EFBC}") = "VRC.Udon.Serialization.OdinSerializer", "VRC.Udon.Serialization.OdinSerializer.csproj", "{79C2B45C-76C6-666F-C2CD-B0916ABC95E5}"
EndProject
Project("{FAE04EC0-301F-11D3-BF4B-00C04F79EFBC}") = "ThryAssemblyDefinition", "ThryAssemblyDefinition.csproj", "{AE69327B-BA24-3D4A-0AFA-79A8EFA92E97}"
EndProject
Project("{FAE04EC0-301F-11D3-BF4B-00C04F79EFBC}") = "UdonSharp.Editor", "UdonSharp.Editor.csproj", "{E643CD25-FD97-CEC3-089F-31EFB19327E8}"
EndProject
Project("{FAE04EC0-301F-11D3-BF4B-00C04F79EFBC}") = "VRC.Udon.Editor", "VRC.Udon.Editor.csproj", "{47CE2010-A2DA-EA2D-8132-CF0505E3C00D}"
EndProject
Project("{FAE04EC0-301F-11D3-BF4B-00C04F79EFBC}") = "VRC.SDKBase.Editor", "VRC.SDKBase.Editor.csproj", "{8B828B92-D1A6-9800-A6D6-45E93598D77E}"
EndProject
Project("{FAE04EC0-301F-11D3-BF4B-00C04F79EFBC}") = "VRC.Udon", "VRC.Udon.csproj", "{C4800C59-B836-F800-0494-7FEF5F74FF02}"
EndProject
Project("{FAE04EC0-301F-11D3-BF4B-00C04F79EFBC}") = "UniTask", "UniTask.csproj", "{0DA3B0DA-9564-FD56-6AC2-21DA699ADBEB}"
EndProject
Project("{FAE04EC0-301F-11D3-BF4B-00C04F79EFBC}") = "UniTask.Linq", "UniTask.Linq.csproj", "{9F55BBF1-53C9-1B96-6A87-C43DC5C752AE}"
EndProject
Project("{FAE04EC0-301F-11D3-BF4B-00C04F79EFBC}") = "VRC.SDKBase", "VRC.SDKBase.csproj", "{8AD7BB88-7DEA-3D54-EA29-C75D70C60BC2}"
EndProject
Project("{FAE04EC0-301F-11D3-BF4B-00C04F79EFBC}") = "Poi.Tools", "Poi.Tools.csproj", "{24AA6126-8444-30A7-FED4-43A521A06009}"
EndProject
Project("{FAE04EC0-301F-11D3-BF4B-00C04F79EFBC}") = "VRC.ClientSim.Editor", "VRC.ClientSim.Editor.csproj", "{00C73114-79E8-AD74-1A0A-1A8AAD5E89E5}"
EndProject
Project("{FAE04EC0-301F-11D3-BF4B-00C04F79EFBC}") = "VRC.SDK3", "VRC.SDK3.csproj", "{84ACCAF5-132F-02A6-D5D0-7B5F08438BCF}"
EndProject
Project("{FAE04EC0-301F-11D3-BF4B-00C04F79EFBC}") = "VRC.SDK3.Editor", "VRC.SDK3.Editor.csproj", "{608059EE-218F-B3BF-5707-AE1675610BC5}"
EndProject
Project("{FAE04EC0-301F-11D3-BF4B-00C04F79EFBC}") = "UniTask.DOTween", "UniTask.DOTween.csproj", "{1F741DFF-54F7-066A-885B-5143DE6DE07B}"
EndProject
Project("{FAE04EC0-301F-11D3-BF4B-00C04F79EFBC}") = "Assembly-CSharp-Editor", "Assembly-CSharp-Editor.csproj", "{A27CAE76-67B1-0214-F3D3-153277692517}"
EndProject
Project("{FAE04EC0-301F-11D3-BF4B-00C04F79EFBC}") = "UnityEditorTests", "UnityEditorTests.csproj", "{BE7D235B-46DE-C78D-A020-B11E9D082103}"
EndProject
Project("{FAE04EC0-301F-11D3-BF4B-00C04F79EFBC}") = "VRC.ExampleCentral.Editor", "VRC.ExampleCentral.Editor.csproj", "{29F41523-6B91-4F4C-E95C-AF093C7087CC}"
EndProject
Project("{FAE04EC0-301F-11D3-BF4B-00C04F79EFBC}") = "Assembly-CSharp", "Assembly-CSharp.csproj", "{1D273190-3752-EF32-4F78-5B8F4718FDB7}"
EndProject
Project("{FAE04EC0-301F-11D3-BF4B-00C04F79EFBC}") = "com.vrchat.core.vpm-resolver.Editor", "com.vrchat.core.vpm-resolver.Editor.csproj", "{DAF94493-E45C-EEFB-E2CB-E01D9993A9BF}"
EndProject
Project("{FAE04EC0-301F-11D3-BF4B-00C04F79EFBC}") = "VRC.SDKBase.Editor.ShaderStripping", "VRC.SDKBase.Editor.ShaderStripping.csproj", "{80486FDB-108A-C3C6-811A-210F928CBECB}"
EndProject
Project("{FAE04EC0-301F-11D3-BF4B-00C04F79EFBC}") = "UdonSharp.Runtime", "UdonSharp.Runtime.csproj", "{FEB9382C-39AF-9B9E-42C6-4F263F2110E9}"
EndProject
Project("{FAE04EC0-301F-11D3-BF4B-00C04F79EFBC}") = "ThryExternal", "ThryExternal.csproj", "{CE1C6D69-01EA-C5B3-B6DE-9972FA34DA6D}"
EndProject
Project("{FAE04EC0-301F-11D3-BF4B-00C04F79EFBC}") = "UniTask.Editor", "UniTask.Editor.csproj", "{120ADDF4-5503-7945-1607-9921D7DFAA2B}"
EndProject
Project("{FAE04EC0-301F-11D3-BF4B-00C04F79EFBC}") = "UdonSharp.Lib", "UdonSharp.Lib.csproj", "{B2ACBFD9-DC0E-2DB5-18C8-374BF86C2729}"
EndProject
Project("{FAE04EC0-301F-11D3-BF4B-00C04F79EFBC}") = "VRC.SDKBase.Editor.BuildPipeline", "VRC.SDKBase.Editor.BuildPipeline.csproj", "{5583AC69-1A19-1B34-4D75-8E255551398D}"
EndProject
Project("{FAE04EC0-301F-11D3-BF4B-00C04F79EFBC}") = "vrchat.jordo.easyquestswitch.Editor", "vrchat.jordo.easyquestswitch.Editor.csproj", "{6A8AE61C-455D-E47B-C7FE-2136A7E30EF7}"
EndProject
Project("{FAE04EC0-301F-11D3-BF4B-00C04F79EFBC}") = "UniTask.Addressables", "UniTask.Addressables.csproj", "{63360BFF-86CB-79F5-42B2-4644518430AD}"
EndProject
Project("{FAE04EC0-301F-11D3-BF4B-00C04F79EFBC}") = "UniTask.TextMeshPro", "UniTask.TextMeshPro.csproj", "{EA90795E-5AED-5F5B-1CF1-CDE2F1559FB8}"
EndProject
Global
	GlobalSection(SolutionConfigurationPlatforms) = preSolution
		Debug|Any CPU = Debug|Any CPU
		Release|Any CPU = Release|Any CPU
	EndGlobalSection
	GlobalSection(ProjectConfigurationPlatforms) = postSolution
		{F43D8C67-68D2-7D9A-C222-5B34370BE6C9}.Debug|Any CPU.ActiveCfg = Debug|Any CPU
		{F43D8C67-68D2-7D9A-C222-5B34370BE6C9}.Debug|Any CPU.Build.0 = Debug|Any CPU
		{F43D8C67-68D2-7D9A-C222-5B34370BE6C9}.Release|Any CPU.ActiveCfg = Release|Any CPU
		{F43D8C67-68D2-7D9A-C222-5B34370BE6C9}.Release|Any CPU.Build.0 = Release|Any CPU
		{D9BAE427-4AB0-8E19-3F51-75724628A1DB}.Debug|Any CPU.ActiveCfg = Debug|Any CPU
		{D9BAE427-4AB0-8E19-3F51-75724628A1DB}.Debug|Any CPU.Build.0 = Debug|Any CPU
		{D9BAE427-4AB0-8E19-3F51-75724628A1DB}.Release|Any CPU.ActiveCfg = Release|Any CPU
		{D9BAE427-4AB0-8E19-3F51-75724628A1DB}.Release|Any CPU.Build.0 = Release|Any CPU
		{79C2B45C-76C6-666F-C2CD-B0916ABC95E5}.Debug|Any CPU.ActiveCfg = Debug|Any CPU
		{79C2B45C-76C6-666F-C2CD-B0916ABC95E5}.Debug|Any CPU.Build.0 = Debug|Any CPU
		{79C2B45C-76C6-666F-C2CD-B0916ABC95E5}.Release|Any CPU.ActiveCfg = Release|Any CPU
		{79C2B45C-76C6-666F-C2CD-B0916ABC95E5}.Release|Any CPU.Build.0 = Release|Any CPU
		{AE69327B-BA24-3D4A-0AFA-79A8EFA92E97}.Debug|Any CPU.ActiveCfg = Debug|Any CPU
		{AE69327B-BA24-3D4A-0AFA-79A8EFA92E97}.Debug|Any CPU.Build.0 = Debug|Any CPU
		{AE69327B-BA24-3D4A-0AFA-79A8EFA92E97}.Release|Any CPU.ActiveCfg = Release|Any CPU
		{AE69327B-BA24-3D4A-0AFA-79A8EFA92E97}.Release|Any CPU.Build.0 = Release|Any CPU
		{E643CD25-FD97-CEC3-089F-31EFB19327E8}.Debug|Any CPU.ActiveCfg = Debug|Any CPU
		{E643CD25-FD97-CEC3-089F-31EFB19327E8}.Debug|Any CPU.Build.0 = Debug|Any CPU
		{E643CD25-FD97-CEC3-089F-31EFB19327E8}.Release|Any CPU.ActiveCfg = Release|Any CPU
		{E643CD25-FD97-CEC3-089F-31EFB19327E8}.Release|Any CPU.Build.0 = Release|Any CPU
		{47CE2010-A2DA-EA2D-8132-CF0505E3C00D}.Debug|Any CPU.ActiveCfg = Debug|Any CPU
		{47CE2010-A2DA-EA2D-8132-CF0505E3C00D}.Debug|Any CPU.Build.0 = Debug|Any CPU
		{47CE2010-A2DA-EA2D-8132-CF0505E3C00D}.Release|Any CPU.ActiveCfg = Release|Any CPU
		{47CE2010-A2DA-EA2D-8132-CF0505E3C00D}.Release|Any CPU.Build.0 = Release|Any CPU
		{8B828B92-D1A6-9800-A6D6-45E93598D77E}.Debug|Any CPU.ActiveCfg = Debug|Any CPU
		{8B828B92-D1A6-9800-A6D6-45E93598D77E}.Debug|Any CPU.Build.0 = Debug|Any CPU
		{8B828B92-D1A6-9800-A6D6-45E93598D77E}.Release|Any CPU.ActiveCfg = Release|Any CPU
		{8B828B92-D1A6-9800-A6D6-45E93598D77E}.Release|Any CPU.Build.0 = Release|Any CPU
		{C4800C59-B836-F800-0494-7FEF5F74FF02}.Debug|Any CPU.ActiveCfg = Debug|Any CPU
		{C4800C59-B836-F800-0494-7FEF5F74FF02}.Debug|Any CPU.Build.0 = Debug|Any CPU
		{C4800C59-B836-F800-0494-7FEF5F74FF02}.Release|Any CPU.ActiveCfg = Release|Any CPU
		{C4800C59-B836-F800-0494-7FEF5F74FF02}.Release|Any CPU.Build.0 = Release|Any CPU
		{0DA3B0DA-9564-FD56-6AC2-21DA699ADBEB}.Debug|Any CPU.ActiveCfg = Debug|Any CPU
		{0DA3B0DA-9564-FD56-6AC2-21DA699ADBEB}.Debug|Any CPU.Build.0 = Debug|Any CPU
		{0DA3B0DA-9564-FD56-6AC2-21DA699ADBEB}.Release|Any CPU.ActiveCfg = Release|Any CPU
		{0DA3B0DA-9564-FD56-6AC2-21DA699ADBEB}.Release|Any CPU.Build.0 = Release|Any CPU
		{9F55BBF1-53C9-1B96-6A87-C43DC5C752AE}.Debug|Any CPU.ActiveCfg = Debug|Any CPU
		{9F55BBF1-53C9-1B96-6A87-C43DC5C752AE}.Debug|Any CPU.Build.0 = Debug|Any CPU
		{9F55BBF1-53C9-1B96-6A87-C43DC5C752AE}.Release|Any CPU.ActiveCfg = Release|Any CPU
		{9F55BBF1-53C9-1B96-6A87-C43DC5C752AE}.Release|Any CPU.Build.0 = Release|Any CPU
		{8AD7BB88-7DEA-3D54-EA29-C75D70C60BC2}.Debug|Any CPU.ActiveCfg = Debug|Any CPU
		{8AD7BB88-7DEA-3D54-EA29-C75D70C60BC2}.Debug|Any CPU.Build.0 = Debug|Any CPU
		{8AD7BB88-7DEA-3D54-EA29-C75D70C60BC2}.Release|Any CPU.ActiveCfg = Release|Any CPU
		{8AD7BB88-7DEA-3D54-EA29-C75D70C60BC2}.Release|Any CPU.Build.0 = Release|Any CPU
		{24AA6126-8444-30A7-FED4-43A521A06009}.Debug|Any CPU.ActiveCfg = Debug|Any CPU
		{24AA6126-8444-30A7-FED4-43A521A06009}.Debug|Any CPU.Build.0 = Debug|Any CPU
		{24AA6126-8444-30A7-FED4-43A521A06009}.Release|Any CPU.ActiveCfg = Release|Any CPU
		{24AA6126-8444-30A7-FED4-43A521A06009}.Release|Any CPU.Build.0 = Release|Any CPU
		{00C73114-79E8-AD74-1A0A-1A8AAD5E89E5}.Debug|Any CPU.ActiveCfg = Debug|Any CPU
		{00C73114-79E8-AD74-1A0A-1A8AAD5E89E5}.Debug|Any CPU.Build.0 = Debug|Any CPU
		{00C73114-79E8-AD74-1A0A-1A8AAD5E89E5}.Release|Any CPU.ActiveCfg = Release|Any CPU
		{00C73114-79E8-AD74-1A0A-1A8AAD5E89E5}.Release|Any CPU.Build.0 = Release|Any CPU
		{84ACCAF5-132F-02A6-D5D0-7B5F08438BCF}.Debug|Any CPU.ActiveCfg = Debug|Any CPU
		{84ACCAF5-132F-02A6-D5D0-7B5F08438BCF}.Debug|Any CPU.Build.0 = Debug|Any CPU
		{84ACCAF5-132F-02A6-D5D0-7B5F08438BCF}.Release|Any CPU.ActiveCfg = Release|Any CPU
		{84ACCAF5-132F-02A6-D5D0-7B5F08438BCF}.Release|Any CPU.Build.0 = Release|Any CPU
		{608059EE-218F-B3BF-5707-AE1675610BC5}.Debug|Any CPU.ActiveCfg = Debug|Any CPU
		{608059EE-218F-B3BF-5707-AE1675610BC5}.Debug|Any CPU.Build.0 = Debug|Any CPU
		{608059EE-218F-B3BF-5707-AE1675610BC5}.Release|Any CPU.ActiveCfg = Release|Any CPU
		{608059EE-218F-B3BF-5707-AE1675610BC5}.Release|Any CPU.Build.0 = Release|Any CPU
		{1F741DFF-54F7-066A-885B-5143DE6DE07B}.Debug|Any CPU.ActiveCfg = Debug|Any CPU
		{1F741DFF-54F7-066A-885B-5143DE6DE07B}.Debug|Any CPU.Build.0 = Debug|Any CPU
		{1F741DFF-54F7-066A-885B-5143DE6DE07B}.Release|Any CPU.ActiveCfg = Release|Any CPU
		{1F741DFF-54F7-066A-885B-5143DE6DE07B}.Release|Any CPU.Build.0 = Release|Any CPU
		{A27CAE76-67B1-0214-F3D3-153277692517}.Debug|Any CPU.ActiveCfg = Debug|Any CPU
		{A27CAE76-67B1-0214-F3D3-153277692517}.Debug|Any CPU.Build.0 = Debug|Any CPU
		{A27CAE76-67B1-0214-F3D3-153277692517}.Release|Any CPU.ActiveCfg = Release|Any CPU
		{A27CAE76-67B1-0214-F3D3-153277692517}.Release|Any CPU.Build.0 = Release|Any CPU
		{BE7D235B-46DE-C78D-A020-B11E9D082103}.Debug|Any CPU.ActiveCfg = Debug|Any CPU
		{BE7D235B-46DE-C78D-A020-B11E9D082103}.Debug|Any CPU.Build.0 = Debug|Any CPU
		{BE7D235B-46DE-C78D-A020-B11E9D082103}.Release|Any CPU.ActiveCfg = Release|Any CPU
		{BE7D235B-46DE-C78D-A020-B11E9D082103}.Release|Any CPU.Build.0 = Release|Any CPU
		{29F41523-6B91-4F4C-E95C-AF093C7087CC}.Debug|Any CPU.ActiveCfg = Debug|Any CPU
		{29F41523-6B91-4F4C-E95C-AF093C7087CC}.Debug|Any CPU.Build.0 = Debug|Any CPU
		{29F41523-6B91-4F4C-E95C-AF093C7087CC}.Release|Any CPU.ActiveCfg = Release|Any CPU
		{29F41523-6B91-4F4C-E95C-AF093C7087CC}.Release|Any CPU.Build.0 = Release|Any CPU
		{1D273190-3752-EF32-4F78-5B8F4718FDB7}.Debug|Any CPU.ActiveCfg = Debug|Any CPU
		{1D273190-3752-EF32-4F78-5B8F4718FDB7}.Debug|Any CPU.Build.0 = Debug|Any CPU
		{1D273190-3752-EF32-4F78-5B8F4718FDB7}.Release|Any CPU.ActiveCfg = Release|Any CPU
		{1D273190-3752-EF32-4F78-5B8F4718FDB7}.Release|Any CPU.Build.0 = Release|Any CPU
		{DAF94493-E45C-EEFB-E2CB-E01D9993A9BF}.Debug|Any CPU.ActiveCfg = Debug|Any CPU
		{DAF94493-E45C-EEFB-E2CB-E01D9993A9BF}.Debug|Any CPU.Build.0 = Debug|Any CPU
		{DAF94493-E45C-EEFB-E2CB-E01D9993A9BF}.Release|Any CPU.ActiveCfg = Release|Any CPU
		{DAF94493-E45C-EEFB-E2CB-E01D9993A9BF}.Release|Any CPU.Build.0 = Release|Any CPU
		{80486FDB-108A-C3C6-811A-210F928CBECB}.Debug|Any CPU.ActiveCfg = Debug|Any CPU
		{80486FDB-108A-C3C6-811A-210F928CBECB}.Debug|Any CPU.Build.0 = Debug|Any CPU
		{80486FDB-108A-C3C6-811A-210F928CBECB}.Release|Any CPU.ActiveCfg = Release|Any CPU
		{80486FDB-108A-C3C6-811A-210F928CBECB}.Release|Any CPU.Build.0 = Release|Any CPU
		{FEB9382C-39AF-9B9E-42C6-4F263F2110E9}.Debug|Any CPU.ActiveCfg = Debug|Any CPU
		{FEB9382C-39AF-9B9E-42C6-4F263F2110E9}.Debug|Any CPU.Build.0 = Debug|Any CPU
		{FEB9382C-39AF-9B9E-42C6-4F263F2110E9}.Release|Any CPU.ActiveCfg = Release|Any CPU
		{FEB9382C-39AF-9B9E-42C6-4F263F2110E9}.Release|Any CPU.Build.0 = Release|Any CPU
		{CE1C6D69-01EA-C5B3-B6DE-9972FA34DA6D}.Debug|Any CPU.ActiveCfg = Debug|Any CPU
		{CE1C6D69-01EA-C5B3-B6DE-9972FA34DA6D}.Debug|Any CPU.Build.0 = Debug|Any CPU
		{CE1C6D69-01EA-C5B3-B6DE-9972FA34DA6D}.Release|Any CPU.ActiveCfg = Release|Any CPU
		{CE1C6D69-01EA-C5B3-B6DE-9972FA34DA6D}.Release|Any CPU.Build.0 = Release|Any CPU
		{120ADDF4-5503-7945-1607-9921D7DFAA2B}.Debug|Any CPU.ActiveCfg = Debug|Any CPU
		{120ADDF4-5503-7945-1607-9921D7DFAA2B}.Debug|Any CPU.Build.0 = Debug|Any CPU
		{120ADDF4-5503-7945-1607-9921D7DFAA2B}.Release|Any CPU.ActiveCfg = Release|Any CPU
		{120ADDF4-5503-7945-1607-9921D7DFAA2B}.Release|Any CPU.Build.0 = Release|Any CPU
		{B2ACBFD9-DC0E-2DB5-18C8-374BF86C2729}.Debug|Any CPU.ActiveCfg = Debug|Any CPU
		{B2ACBFD9-DC0E-2DB5-18C8-374BF86C2729}.Debug|Any CPU.Build.0 = Debug|Any CPU
		{B2ACBFD9-DC0E-2DB5-18C8-374BF86C2729}.Release|Any CPU.ActiveCfg = Release|Any CPU
		{B2ACBFD9-DC0E-2DB5-18C8-374BF86C2729}.Release|Any CPU.Build.0 = Release|Any CPU
		{5583AC69-1A19-1B34-4D75-8E255551398D}.Debug|Any CPU.ActiveCfg = Debug|Any CPU
		{5583AC69-1A19-1B34-4D75-8E255551398D}.Debug|Any CPU.Build.0 = Debug|Any CPU
		{5583AC69-1A19-1B34-4D75-8E255551398D}.Release|Any CPU.ActiveCfg = Release|Any CPU
		{5583AC69-1A19-1B34-4D75-8E255551398D}.Release|Any CPU.Build.0 = Release|Any CPU
		{6A8AE61C-455D-E47B-C7FE-2136A7E30EF7}.Debug|Any CPU.ActiveCfg = Debug|Any CPU
		{6A8AE61C-455D-E47B-C7FE-2136A7E30EF7}.Debug|Any CPU.Build.0 = Debug|Any CPU
		{6A8AE61C-455D-E47B-C7FE-2136A7E30EF7}.Release|Any CPU.ActiveCfg = Release|Any CPU
		{6A8AE61C-455D-E47B-C7FE-2136A7E30EF7}.Release|Any CPU.Build.0 = Release|Any CPU
		{63360BFF-86CB-79F5-42B2-4644518430AD}.Debug|Any CPU.ActiveCfg = Debug|Any CPU
		{63360BFF-86CB-79F5-42B2-4644518430AD}.Debug|Any CPU.Build.0 = Debug|Any CPU
		{63360BFF-86CB-79F5-42B2-4644518430AD}.Release|Any CPU.ActiveCfg = Release|Any CPU
		{63360BFF-86CB-79F5-42B2-4644518430AD}.Release|Any CPU.Build.0 = Release|Any CPU
		{EA90795E-5AED-5F5B-1CF1-CDE2F1559FB8}.Debug|Any CPU.ActiveCfg = Debug|Any CPU
		{EA90795E-5AED-5F5B-1CF1-CDE2F1559FB8}.Debug|Any CPU.Build.0 = Debug|Any CPU
		{EA90795E-5AED-5F5B-1CF1-CDE2F1559FB8}.Release|Any CPU.ActiveCfg = Release|Any CPU
		{EA90795E-5AED-5F5B-1CF1-CDE2F1559FB8}.Release|Any CPU.Build.0 = Release|Any CPU
	EndGlobalSection
	GlobalSection(SolutionProperties) = preSolution
		HideSolutionNode = FALSE
	EndGlobalSection
EndGlobal
